// !$*UTF8*$!
{
	archiveVersion = 1;
	classes = {
	};
	objectVersion = 55;
	objects = {

/* Begin PBXBuildFile section */
		9B3A9CA428D097E300FE8286 /* Tests_iOS.swift in Sources */ = {isa = PBXBuildFile; fileRef = 9B3A9CA328D097E300FE8286 /* Tests_iOS.swift */; };
		9B3A9CA628D097E300FE8286 /* Tests_iOSLaunchTests.swift in Sources */ = {isa = PBXBuildFile; fileRef = 9B3A9CA528D097E300FE8286 /* Tests_iOSLaunchTests.swift */; };
		9B3A9CB028D097E300FE8286 /* Tests_macOS.swift in Sources */ = {isa = PBXBuildFile; fileRef = 9B3A9CAF28D097E300FE8286 /* Tests_macOS.swift */; };
		9B3A9CB228D097E300FE8286 /* Tests_macOSLaunchTests.swift in Sources */ = {isa = PBXBuildFile; fileRef = 9B3A9CB128D097E300FE8286 /* Tests_macOSLaunchTests.swift */; };
		9B3A9CB328D097E300FE8286 /* ArunaListApp.swift in Sources */ = {isa = PBXBuildFile; fileRef = 9B3A9C8B28D097E000FE8286 /* ArunaListApp.swift */; };
		9B3A9CB428D097E300FE8286 /* ArunaListApp.swift in Sources */ = {isa = PBXBuildFile; fileRef = 9B3A9C8B28D097E000FE8286 /* ArunaListApp.swift */; };
		9B3A9CB528D097E300FE8286 /* ContentView.swift in Sources */ = {isa = PBXBuildFile; fileRef = 9B3A9C8C28D097E000FE8286 /* ContentView.swift */; };
		9B3A9CB628D097E300FE8286 /* ContentView.swift in Sources */ = {isa = PBXBuildFile; fileRef = 9B3A9C8C28D097E000FE8286 /* ContentView.swift */; };
		9B3A9CB728D097E300FE8286 /* Assets.xcassets in Resources */ = {isa = PBXBuildFile; fileRef = 9B3A9C8D28D097E300FE8286 /* Assets.xcassets */; };
		9B3A9CB828D097E300FE8286 /* Assets.xcassets in Resources */ = {isa = PBXBuildFile; fileRef = 9B3A9C8D28D097E300FE8286 /* Assets.xcassets */; };
		9B3A9CCC28D0E4B200FE8286 /* Post.swift in Sources */ = {isa = PBXBuildFile; fileRef = 9B3A9CCB28D0E4B200FE8286 /* Post.swift */; };
		9B3A9CCE28D0E56200FE8286 /* PostFetcher.swift in Sources */ = {isa = PBXBuildFile; fileRef = 9B3A9CCD28D0E56200FE8286 /* PostFetcher.swift */; };
		9B3A9CD028D0E77600FE8286 /* PostListView.swift in Sources */ = {isa = PBXBuildFile; fileRef = 9B3A9CCF28D0E77600FE8286 /* PostListView.swift */; };
		9B3A9CD228D0E79800FE8286 /* ErrorView.swift in Sources */ = {isa = PBXBuildFile; fileRef = 9B3A9CD128D0E79800FE8286 /* ErrorView.swift */; };
		9B3A9CD428D0E7AA00FE8286 /* LoadingView.swift in Sources */ = {isa = PBXBuildFile; fileRef = 9B3A9CD328D0E7AA00FE8286 /* LoadingView.swift */; };
		9B3A9CD828D0EEC800FE8286 /* APIError.swift in Sources */ = {isa = PBXBuildFile; fileRef = 9B3A9CD728D0EEC800FE8286 /* APIError.swift */; };
		9B3A9CDA28D0F1E700FE8286 /* APIService.swift in Sources */ = {isa = PBXBuildFile; fileRef = 9B3A9CD928D0F1E700FE8286 /* APIService.swift */; };
		9B3A9CDC28D0FF6300FE8286 /* PostRow.swift in Sources */ = {isa = PBXBuildFile; fileRef = 9B3A9CDB28D0FF6300FE8286 /* PostRow.swift */; };
		9B3A9CDE28D0FF9800FE8286 /* PostDetailView.swift in Sources */ = {isa = PBXBuildFile; fileRef = 9B3A9CDD28D0FF9800FE8286 /* PostDetailView.swift */; };
		9B3A9CE028D1072300FE8286 /* APIMockService.swift in Sources */ = {isa = PBXBuildFile; fileRef = 9B3A9CDF28D1072300FE8286 /* APIMockService.swift */; };
		9B3A9CE228D1075A00FE8286 /* APIServiceProtocol.swift in Sources */ = {isa = PBXBuildFile; fileRef = 9B3A9CE128D1075A00FE8286 /* APIServiceProtocol.swift */; };
/* End PBXBuildFile section */

/* Begin PBXContainerItemProxy section */
		9B3A9CA028D097E300FE8286 /* PBXContainerItemProxy */ = {
			isa = PBXContainerItemProxy;
			containerPortal = 9B3A9C8628D097DF00FE8286 /* Project object */;
			proxyType = 1;
			remoteGlobalIDString = 9B3A9C9128D097E300FE8286;
			remoteInfo = "ArunaList (iOS)";
		};
		9B3A9CAC28D097E300FE8286 /* PBXContainerItemProxy */ = {
			isa = PBXContainerItemProxy;
			containerPortal = 9B3A9C8628D097DF00FE8286 /* Project object */;
			proxyType = 1;
			remoteGlobalIDString = 9B3A9C9728D097E300FE8286;
			remoteInfo = "ArunaList (macOS)";
		};
/* End PBXContainerItemProxy section */

/* Begin PBXFileReference section */
		9B3A9C8B28D097E000FE8286 /* ArunaListApp.swift */ = {isa = PBXFileReference; lastKnownFileType = sourcecode.swift; path = ArunaListApp.swift; sourceTree = "<group>"; };
		9B3A9C8C28D097E000FE8286 /* ContentView.swift */ = {isa = PBXFileReference; lastKnownFileType = sourcecode.swift; path = ContentView.swift; sourceTree = "<group>"; };
		9B3A9C8D28D097E300FE8286 /* Assets.xcassets */ = {isa = PBXFileReference; lastKnownFileType = folder.assetcatalog; path = Assets.xcassets; sourceTree = "<group>"; };
		9B3A9C9228D097E300FE8286 /* ArunaList.app */ = {isa = PBXFileReference; explicitFileType = wrapper.application; includeInIndex = 0; path = ArunaList.app; sourceTree = BUILT_PRODUCTS_DIR; };
		9B3A9C9828D097E300FE8286 /* ArunaList.app */ = {isa = PBXFileReference; explicitFileType = wrapper.application; includeInIndex = 0; path = ArunaList.app; sourceTree = BUILT_PRODUCTS_DIR; };
		9B3A9C9A28D097E300FE8286 /* macOS.entitlements */ = {isa = PBXFileReference; lastKnownFileType = text.plist.entitlements; path = macOS.entitlements; sourceTree = "<group>"; };
		9B3A9C9F28D097E300FE8286 /* Tests iOS.xctest */ = {isa = PBXFileReference; explicitFileType = wrapper.cfbundle; includeInIndex = 0; path = "Tests iOS.xctest"; sourceTree = BUILT_PRODUCTS_DIR; };
		9B3A9CA328D097E300FE8286 /* Tests_iOS.swift */ = {isa = PBXFileReference; lastKnownFileType = sourcecode.swift; path = Tests_iOS.swift; sourceTree = "<group>"; };
		9B3A9CA528D097E300FE8286 /* Tests_iOSLaunchTests.swift */ = {isa = PBXFileReference; lastKnownFileType = sourcecode.swift; path = Tests_iOSLaunchTests.swift; sourceTree = "<group>"; };
		9B3A9CAB28D097E300FE8286 /* Tests macOS.xctest */ = {isa = PBXFileReference; explicitFileType = wrapper.cfbundle; includeInIndex = 0; path = "Tests macOS.xctest"; sourceTree = BUILT_PRODUCTS_DIR; };
		9B3A9CAF28D097E300FE8286 /* Tests_macOS.swift */ = {isa = PBXFileReference; lastKnownFileType = sourcecode.swift; path = Tests_macOS.swift; sourceTree = "<group>"; };
		9B3A9CB128D097E300FE8286 /* Tests_macOSLaunchTests.swift */ = {isa = PBXFileReference; lastKnownFileType = sourcecode.swift; path = Tests_macOSLaunchTests.swift; sourceTree = "<group>"; };
		9B3A9CCB28D0E4B200FE8286 /* Post.swift */ = {isa = PBXFileReference; lastKnownFileType = sourcecode.swift; path = Post.swift; sourceTree = "<group>"; };
		9B3A9CCD28D0E56200FE8286 /* PostFetcher.swift */ = {isa = PBXFileReference; lastKnownFileType = sourcecode.swift; path = PostFetcher.swift; sourceTree = "<group>"; };
		9B3A9CCF28D0E77600FE8286 /* PostListView.swift */ = {isa = PBXFileReference; lastKnownFileType = sourcecode.swift; path = PostListView.swift; sourceTree = "<group>"; };
		9B3A9CD128D0E79800FE8286 /* ErrorView.swift */ = {isa = PBXFileReference; lastKnownFileType = sourcecode.swift; path = ErrorView.swift; sourceTree = "<group>"; };
		9B3A9CD328D0E7AA00FE8286 /* LoadingView.swift */ = {isa = PBXFileReference; lastKnownFileType = sourcecode.swift; path = LoadingView.swift; sourceTree = "<group>"; };
		9B3A9CD728D0EEC800FE8286 /* APIError.swift */ = {isa = PBXFileReference; lastKnownFileType = sourcecode.swift; path = APIError.swift; sourceTree = "<group>"; };
		9B3A9CD928D0F1E700FE8286 /* APIService.swift */ = {isa = PBXFileReference; lastKnownFileType = sourcecode.swift; path = APIService.swift; sourceTree = "<group>"; };
		9B3A9CDB28D0FF6300FE8286 /* PostRow.swift */ = {isa = PBXFileReference; lastKnownFileType = sourcecode.swift; path = PostRow.swift; sourceTree = "<group>"; };
		9B3A9CDD28D0FF9800FE8286 /* PostDetailView.swift */ = {isa = PBXFileReference; lastKnownFileType = sourcecode.swift; path = PostDetailView.swift; sourceTree = "<group>"; };
		9B3A9CDF28D1072300FE8286 /* APIMockService.swift */ = {isa = PBXFileReference; lastKnownFileType = sourcecode.swift; path = APIMockService.swift; sourceTree = "<group>"; };
		9B3A9CE128D1075A00FE8286 /* APIServiceProtocol.swift */ = {isa = PBXFileReference; lastKnownFileType = sourcecode.swift; path = APIServiceProtocol.swift; sourceTree = "<group>"; };
/* End PBXFileReference section */

/* Begin PBXFrameworksBuildPhase section */
		9B3A9C8F28D097E300FE8286 /* Frameworks */ = {
			isa = PBXFrameworksBuildPhase;
			buildActionMask = 2147483647;
			files = (
			);
			runOnlyForDeploymentPostprocessing = 0;
		};
		9B3A9C9528D097E300FE8286 /* Frameworks */ = {
			isa = PBXFrameworksBuildPhase;
			buildActionMask = 2147483647;
			files = (
			);
			runOnlyForDeploymentPostprocessing = 0;
		};
		9B3A9C9C28D097E300FE8286 /* Frameworks */ = {
			isa = PBXFrameworksBuildPhase;
			buildActionMask = 2147483647;
			files = (
			);
			runOnlyForDeploymentPostprocessing = 0;
		};
		9B3A9CA828D097E300FE8286 /* Frameworks */ = {
			isa = PBXFrameworksBuildPhase;
			buildActionMask = 2147483647;
			files = (
			);
			runOnlyForDeploymentPostprocessing = 0;
		};
/* End PBXFrameworksBuildPhase section */

/* Begin PBXGroup section */
		9B3A9C8528D097DF00FE8286 = {
			isa = PBXGroup;
			children = (
				9B3A9C8A28D097E000FE8286 /* Shared */,
				9B3A9C9928D097E300FE8286 /* macOS */,
				9B3A9CA228D097E300FE8286 /* Tests iOS */,
				9B3A9CAE28D097E300FE8286 /* Tests macOS */,
				9B3A9C9328D097E300FE8286 /* Products */,
			);
			sourceTree = "<group>";
		};
		9B3A9C8A28D097E000FE8286 /* Shared */ = {
			isa = PBXGroup;
			children = (
				9B3A9CCA28D0E45300FE8286 /* networking */,
				9B3A9CC928D0E44700FE8286 /* view */,
				9B3A9CC728D0E43100FE8286 /* model */,
				9B3A9C8B28D097E000FE8286 /* ArunaListApp.swift */,
				9B3A9C8C28D097E000FE8286 /* ContentView.swift */,
				9B3A9C8D28D097E300FE8286 /* Assets.xcassets */,
			);
			path = Shared;
			sourceTree = "<group>";
		};
		9B3A9C9328D097E300FE8286 /* Products */ = {
			isa = PBXGroup;
			children = (
				9B3A9C9228D097E300FE8286 /* ArunaList.app */,
				9B3A9C9828D097E300FE8286 /* ArunaList.app */,
				9B3A9C9F28D097E300FE8286 /* Tests iOS.xctest */,
				9B3A9CAB28D097E300FE8286 /* Tests macOS.xctest */,
			);
			name = Products;
			sourceTree = "<group>";
		};
		9B3A9C9928D097E300FE8286 /* macOS */ = {
			isa = PBXGroup;
			children = (
				9B3A9C9A28D097E300FE8286 /* macOS.entitlements */,
			);
			path = macOS;
			sourceTree = "<group>";
		};
		9B3A9CA228D097E300FE8286 /* Tests iOS */ = {
			isa = PBXGroup;
			children = (
				9B3A9CA328D097E300FE8286 /* Tests_iOS.swift */,
				9B3A9CA528D097E300FE8286 /* Tests_iOSLaunchTests.swift */,
			);
			path = "Tests iOS";
			sourceTree = "<group>";
		};
		9B3A9CAE28D097E300FE8286 /* Tests macOS */ = {
			isa = PBXGroup;
			children = (
				9B3A9CAF28D097E300FE8286 /* Tests_macOS.swift */,
				9B3A9CB128D097E300FE8286 /* Tests_macOSLaunchTests.swift */,
			);
			path = "Tests macOS";
			sourceTree = "<group>";
		};
		9B3A9CC728D0E43100FE8286 /* model */ = {
			isa = PBXGroup;
			children = (
				9B3A9CCB28D0E4B200FE8286 /* Post.swift */,
			);
			path = model;
			sourceTree = "<group>";
		};
		9B3A9CC928D0E44700FE8286 /* view */ = {
			isa = PBXGroup;
			children = (
				9B3A9CCF28D0E77600FE8286 /* PostListView.swift */,
				9B3A9CD128D0E79800FE8286 /* ErrorView.swift */,
				9B3A9CD328D0E7AA00FE8286 /* LoadingView.swift */,
				9B3A9CDB28D0FF6300FE8286 /* PostRow.swift */,
				9B3A9CDD28D0FF9800FE8286 /* PostDetailView.swift */,
			);
			path = view;
			sourceTree = "<group>";
		};
		9B3A9CCA28D0E45300FE8286 /* networking */ = {
			isa = PBXGroup;
			children = (
				9B3A9CCD28D0E56200FE8286 /* PostFetcher.swift */,
				9B3A9CD728D0EEC800FE8286 /* APIError.swift */,
				9B3A9CD928D0F1E700FE8286 /* APIService.swift */,
				9B3A9CDF28D1072300FE8286 /* APIMockService.swift */,
				9B3A9CE128D1075A00FE8286 /* APIServiceProtocol.swift */,
			);
			path = networking;
			sourceTree = "<group>";
		};
/* End PBXGroup section */

/* Begin PBXNativeTarget section */
		9B3A9C9128D097E300FE8286 /* ArunaList (iOS) */ = {
			isa = PBXNativeTarget;
			buildConfigurationList = 9B3A9CBB28D097E300FE8286 /* Build configuration list for PBXNativeTarget "ArunaList (iOS)" */;
			buildPhases = (
				9B3A9C8E28D097E300FE8286 /* Sources */,
				9B3A9C8F28D097E300FE8286 /* Frameworks */,
				9B3A9C9028D097E300FE8286 /* Resources */,
			);
			buildRules = (
			);
			dependencies = (
			);
			name = "ArunaList (iOS)";
			productName = "ArunaList (iOS)";
			productReference = 9B3A9C9228D097E300FE8286 /* ArunaList.app */;
			productType = "com.apple.product-type.application";
		};
		9B3A9C9728D097E300FE8286 /* ArunaList (macOS) */ = {
			isa = PBXNativeTarget;
			buildConfigurationList = 9B3A9CBE28D097E300FE8286 /* Build configuration list for PBXNativeTarget "ArunaList (macOS)" */;
			buildPhases = (
				9B3A9C9428D097E300FE8286 /* Sources */,
				9B3A9C9528D097E300FE8286 /* Frameworks */,
				9B3A9C9628D097E300FE8286 /* Resources */,
			);
			buildRules = (
			);
			dependencies = (
			);
			name = "ArunaList (macOS)";
			productName = "ArunaList (macOS)";
			productReference = 9B3A9C9828D097E300FE8286 /* ArunaList.app */;
			productType = "com.apple.product-type.application";
		};
		9B3A9C9E28D097E300FE8286 /* Tests iOS */ = {
			isa = PBXNativeTarget;
			buildConfigurationList = 9B3A9CC128D097E300FE8286 /* Build configuration list for PBXNativeTarget "Tests iOS" */;
			buildPhases = (
				9B3A9C9B28D097E300FE8286 /* Sources */,
				9B3A9C9C28D097E300FE8286 /* Frameworks */,
				9B3A9C9D28D097E300FE8286 /* Resources */,
			);
			buildRules = (
			);
			dependencies = (
				9B3A9CA128D097E300FE8286 /* PBXTargetDependency */,
			);
			name = "Tests iOS";
			productName = "Tests iOS";
			productReference = 9B3A9C9F28D097E300FE8286 /* Tests iOS.xctest */;
			productType = "com.apple.product-type.bundle.ui-testing";
		};
		9B3A9CAA28D097E300FE8286 /* Tests macOS */ = {
			isa = PBXNativeTarget;
			buildConfigurationList = 9B3A9CC428D097E300FE8286 /* Build configuration list for PBXNativeTarget "Tests macOS" */;
			buildPhases = (
				9B3A9CA728D097E300FE8286 /* Sources */,
				9B3A9CA828D097E300FE8286 /* Frameworks */,
				9B3A9CA928D097E300FE8286 /* Resources */,
			);
			buildRules = (
			);
			dependencies = (
				9B3A9CAD28D097E300FE8286 /* PBXTargetDependency */,
			);
			name = "Tests macOS";
			productName = "Tests macOS";
			productReference = 9B3A9CAB28D097E300FE8286 /* Tests macOS.xctest */;
			productType = "com.apple.product-type.bundle.ui-testing";
		};
/* End PBXNativeTarget section */

/* Begin PBXProject section */
		9B3A9C8628D097DF00FE8286 /* Project object */ = {
			isa = PBXProject;
			attributes = {
				BuildIndependentTargetsInParallel = 1;
				LastSwiftUpdateCheck = 1340;
				LastUpgradeCheck = 1340;
				TargetAttributes = {
					9B3A9C9128D097E300FE8286 = {
						CreatedOnToolsVersion = 13.4.1;
					};
					9B3A9C9728D097E300FE8286 = {
						CreatedOnToolsVersion = 13.4.1;
					};
					9B3A9C9E28D097E300FE8286 = {
						CreatedOnToolsVersion = 13.4.1;
						TestTargetID = 9B3A9C9128D097E300FE8286;
					};
					9B3A9CAA28D097E300FE8286 = {
						CreatedOnToolsVersion = 13.4.1;
						TestTargetID = 9B3A9C9728D097E300FE8286;
					};
				};
			};
			buildConfigurationList = 9B3A9C8928D097DF00FE8286 /* Build configuration list for PBXProject "ArunaList" */;
			compatibilityVersion = "Xcode 13.0";
			developmentRegion = en;
			hasScannedForEncodings = 0;
			knownRegions = (
				en,
				Base,
			);
			mainGroup = 9B3A9C8528D097DF00FE8286;
			productRefGroup = 9B3A9C9328D097E300FE8286 /* Products */;
			projectDirPath = "";
			projectRoot = "";
			targets = (
				9B3A9C9128D097E300FE8286 /* ArunaList (iOS) */,
				9B3A9C9728D097E300FE8286 /* ArunaList (macOS) */,
				9B3A9C9E28D097E300FE8286 /* Tests iOS */,
				9B3A9CAA28D097E300FE8286 /* Tests macOS */,
			);
		};
/* End PBXProject section */

/* Begin PBXResourcesBuildPhase section */
		9B3A9C9028D097E300FE8286 /* Resources */ = {
			isa = PBXResourcesBuildPhase;
			buildActionMask = 2147483647;
			files = (
				9B3A9CB728D097E300FE8286 /* Assets.xcassets in Resources */,
			);
			runOnlyForDeploymentPostprocessing = 0;
		};
		9B3A9C9628D097E300FE8286 /* Resources */ = {
			isa = PBXResourcesBuildPhase;
			buildActionMask = 2147483647;
			files = (
				9B3A9CB828D097E300FE8286 /* Assets.xcassets in Resources */,
			);
			runOnlyForDeploymentPostprocessing = 0;
		};
		9B3A9C9D28D097E300FE8286 /* Resources */ = {
			isa = PBXResourcesBuildPhase;
			buildActionMask = 2147483647;
			files = (
			);
			runOnlyForDeploymentPostprocessing = 0;
		};
		9B3A9CA928D097E300FE8286 /* Resources */ = {
			isa = PBXResourcesBuildPhase;
			buildActionMask = 2147483647;
			files = (
			);
			runOnlyForDeploymentPostprocessing = 0;
		};
/* End PBXResourcesBuildPhase section */

/* Begin PBXSourcesBuildPhase section */
		9B3A9C8E28D097E300FE8286 /* Sources */ = {
			isa = PBXSourcesBuildPhase;
			buildActionMask = 2147483647;
			files = (
				9B3A9CDE28D0FF9800FE8286 /* PostDetailView.swift in Sources */,
				9B3A9CCC28D0E4B200FE8286 /* Post.swift in Sources */,
				9B3A9CD228D0E79800FE8286 /* ErrorView.swift in Sources */,
				9B3A9CE228D1075A00FE8286 /* APIServiceProtocol.swift in Sources */,
				9B3A9CDC28D0FF6300FE8286 /* PostRow.swift in Sources */,
				9B3A9CE028D1072300FE8286 /* APIMockService.swift in Sources */,
				9B3A9CB528D097E300FE8286 /* ContentView.swift in Sources */,
				9B3A9CB328D097E300FE8286 /* ArunaListApp.swift in Sources */,
				9B3A9CCE28D0E56200FE8286 /* PostFetcher.swift in Sources */,
				9B3A9CD828D0EEC800FE8286 /* APIError.swift in Sources */,
				9B3A9CD428D0E7AA00FE8286 /* LoadingView.swift in Sources */,
				9B3A9CDA28D0F1E700FE8286 /* APIService.swift in Sources */,
				9B3A9CD028D0E77600FE8286 /* PostListView.swift in Sources */,
			);
			runOnlyForDeploymentPostprocessing = 0;
		};
		9B3A9C9428D097E300FE8286 /* Sources */ = {
			isa = PBXSourcesBuildPhase;
			buildActionMask = 2147483647;
			files = (
				9B3A9CB628D097E300FE8286 /* ContentView.swift in Sources */,
				9B3A9CB428D097E300FE8286 /* ArunaListApp.swift in Sources */,
			);
			runOnlyForDeploymentPostprocessing = 0;
		};
		9B3A9C9B28D097E300FE8286 /* Sources */ = {
			isa = PBXSourcesBuildPhase;
			buildActionMask = 2147483647;
			files = (
				9B3A9CA628D097E300FE8286 /* Tests_iOSLaunchTests.swift in Sources */,
				9B3A9CA428D097E300FE8286 /* Tests_iOS.swift in Sources */,
			);
			runOnlyForDeploymentPostprocessing = 0;
		};
		9B3A9CA728D097E300FE8286 /* Sources */ = {
			isa = PBXSourcesBuildPhase;
			buildActionMask = 2147483647;
			files = (
				9B3A9CB228D097E300FE8286 /* Tests_macOSLaunchTests.swift in Sources */,
				9B3A9CB028D097E300FE8286 /* Tests_macOS.swift in Sources */,
			);
			runOnlyForDeploymentPostprocessing = 0;
		};
/* End PBXSourcesBuildPhase section */

/* Begin PBXTargetDependency section */
		9B3A9CA128D097E300FE8286 /* PBXTargetDependency */ = {
			isa = PBXTargetDependency;
			target = 9B3A9C9128D097E300FE8286 /* ArunaList (iOS) */;
			targetProxy = 9B3A9CA028D097E300FE8286 /* PBXContainerItemProxy */;
		};
		9B3A9CAD28D097E300FE8286 /* PBXTargetDependency */ = {
			isa = PBXTargetDependency;
			target = 9B3A9C9728D097E300FE8286 /* ArunaList (macOS) */;
			targetProxy = 9B3A9CAC28D097E300FE8286 /* PBXContainerItemProxy */;
		};
/* End PBXTargetDependency section */

/* Begin XCBuildConfiguration section */
		9B3A9CB928D097E300FE8286 /* Debug */ = {
			isa = XCBuildConfiguration;
			buildSettings = {
				ALWAYS_SEARCH_USER_PATHS = NO;
				CLANG_ANALYZER_NONNULL = YES;
				CLANG_ANALYZER_NUMBER_OBJECT_CONVERSION = YES_AGGRESSIVE;
				CLANG_CXX_LANGUAGE_STANDARD = "gnu++17";
				CLANG_ENABLE_MODULES = YES;
				CLANG_ENABLE_OBJC_ARC = YES;
				CLANG_ENABLE_OBJC_WEAK = YES;
				CLANG_WARN_BLOCK_CAPTURE_AUTORELEASING = YES;
				CLANG_WARN_BOOL_CONVERSION = YES;
				CLANG_WARN_COMMA = YES;
				CLANG_WARN_CONSTANT_CONVERSION = YES;
				CLANG_WARN_DEPRECATED_OBJC_IMPLEMENTATIONS = YES;
				CLANG_WARN_DIRECT_OBJC_ISA_USAGE = YES_ERROR;
				CLANG_WARN_DOCUMENTATION_COMMENTS = YES;
				CLANG_WARN_EMPTY_BODY = YES;
				CLANG_WARN_ENUM_CONVERSION = YES;
				CLANG_WARN_INFINITE_RECURSION = YES;
				CLANG_WARN_INT_CONVERSION = YES;
				CLANG_WARN_NON_LITERAL_NULL_CONVERSION = YES;
				CLANG_WARN_OBJC_IMPLICIT_RETAIN_SELF = YES;
				CLANG_WARN_OBJC_LITERAL_CONVERSION = YES;
				CLANG_WARN_OBJC_ROOT_CLASS = YES_ERROR;
				CLANG_WARN_QUOTED_INCLUDE_IN_FRAMEWORK_HEADER = YES;
				CLANG_WARN_RANGE_LOOP_ANALYSIS = YES;
				CLANG_WARN_STRICT_PROTOTYPES = YES;
				CLANG_WARN_SUSPICIOUS_MOVE = YES;
				CLANG_WARN_UNGUARDED_AVAILABILITY = YES_AGGRESSIVE;
				CLANG_WARN_UNREACHABLE_CODE = YES;
				CLANG_WARN__DUPLICATE_METHOD_MATCH = YES;
				COPY_PHASE_STRIP = NO;
				DEBUG_INFORMATION_FORMAT = dwarf;
				ENABLE_STRICT_OBJC_MSGSEND = YES;
				ENABLE_TESTABILITY = YES;
				GCC_C_LANGUAGE_STANDARD = gnu11;
				GCC_DYNAMIC_NO_PIC = NO;
				GCC_NO_COMMON_BLOCKS = YES;
				GCC_OPTIMIZATION_LEVEL = 0;
				GCC_PREPROCESSOR_DEFINITIONS = (
					"DEBUG=1",
					"$(inherited)",
				);
				GCC_WARN_64_TO_32_BIT_CONVERSION = YES;
				GCC_WARN_ABOUT_RETURN_TYPE = YES_ERROR;
				GCC_WARN_UNDECLARED_SELECTOR = YES;
				GCC_WARN_UNINITIALIZED_AUTOS = YES_AGGRESSIVE;
				GCC_WARN_UNUSED_FUNCTION = YES;
				GCC_WARN_UNUSED_VARIABLE = YES;
				MTL_ENABLE_DEBUG_INFO = INCLUDE_SOURCE;
				MTL_FAST_MATH = YES;
				ONLY_ACTIVE_ARCH = YES;
				SWIFT_ACTIVE_COMPILATION_CONDITIONS = DEBUG;
				SWIFT_OPTIMIZATION_LEVEL = "-Onone";
			};
			name = Debug;
		};
		9B3A9CBA28D097E300FE8286 /* Release */ = {
			isa = XCBuildConfiguration;
			buildSettings = {
				ALWAYS_SEARCH_USER_PATHS = NO;
				CLANG_ANALYZER_NONNULL = YES;
				CLANG_ANALYZER_NUMBER_OBJECT_CONVERSION = YES_AGGRESSIVE;
				CLANG_CXX_LANGUAGE_STANDARD = "gnu++17";
				CLANG_ENABLE_MODULES = YES;
				CLANG_ENABLE_OBJC_ARC = YES;
				CLANG_ENABLE_OBJC_WEAK = YES;
				CLANG_WARN_BLOCK_CAPTURE_AUTORELEASING = YES;
				CLANG_WARN_BOOL_CONVERSION = YES;
				CLANG_WARN_COMMA = YES;
				CLANG_WARN_CONSTANT_CONVERSION = YES;
				CLANG_WARN_DEPRECATED_OBJC_IMPLEMENTATIONS = YES;
				CLANG_WARN_DIRECT_OBJC_ISA_USAGE = YES_ERROR;
				CLANG_WARN_DOCUMENTATION_COMMENTS = YES;
				CLANG_WARN_EMPTY_BODY = YES;
				CLANG_WARN_ENUM_CONVERSION = YES;
				CLANG_WARN_INFINITE_RECURSION = YES;
				CLANG_WARN_INT_CONVERSION = YES;
				CLANG_WARN_NON_LITERAL_NULL_CONVERSION = YES;
				CLANG_WARN_OBJC_IMPLICIT_RETAIN_SELF = YES;
				CLANG_WARN_OBJC_LITERAL_CONVERSION = YES;
				CLANG_WARN_OBJC_ROOT_CLASS = YES_ERROR;
				CLANG_WARN_QUOTED_INCLUDE_IN_FRAMEWORK_HEADER = YES;
				CLANG_WARN_RANGE_LOOP_ANALYSIS = YES;
				CLANG_WARN_STRICT_PROTOTYPES = YES;
				CLANG_WARN_SUSPICIOUS_MOVE = YES;
				CLANG_WARN_UNGUARDED_AVAILABILITY = YES_AGGRESSIVE;
				CLANG_WARN_UNREACHABLE_CODE = YES;
				CLANG_WARN__DUPLICATE_METHOD_MATCH = YES;
				COPY_PHASE_STRIP = NO;
				DEBUG_INFORMATION_FORMAT = "dwarf-with-dsym";
				ENABLE_NS_ASSERTIONS = NO;
				ENABLE_STRICT_OBJC_MSGSEND = YES;
				GCC_C_LANGUAGE_STANDARD = gnu11;
				GCC_NO_COMMON_BLOCKS = YES;
				GCC_WARN_64_TO_32_BIT_CONVERSION = YES;
				GCC_WARN_ABOUT_RETURN_TYPE = YES_ERROR;
				GCC_WARN_UNDECLARED_SELECTOR = YES;
				GCC_WARN_UNINITIALIZED_AUTOS = YES_AGGRESSIVE;
				GCC_WARN_UNUSED_FUNCTION = YES;
				GCC_WARN_UNUSED_VARIABLE = YES;
				MTL_ENABLE_DEBUG_INFO = NO;
				MTL_FAST_MATH = YES;
				SWIFT_COMPILATION_MODE = wholemodule;
				SWIFT_OPTIMIZATION_LEVEL = "-O";
			};
			name = Release;
		};
		9B3A9CBC28D097E300FE8286 /* Debug */ = {
			isa = XCBuildConfiguration;
			buildSettings = {
				ASSETCATALOG_COMPILER_APPICON_NAME = AppIcon;
				ASSETCATALOG_COMPILER_GLOBAL_ACCENT_COLOR_NAME = AccentColor;
				CODE_SIGN_STYLE = Automatic;
				CURRENT_PROJECT_VERSION = 1;
				ENABLE_PREVIEWS = YES;
				GENERATE_INFOPLIST_FILE = YES;
				INFOPLIST_KEY_UIApplicationSceneManifest_Generation = YES;
				INFOPLIST_KEY_UIApplicationSupportsIndirectInputEvents = YES;
				INFOPLIST_KEY_UILaunchScreen_Generation = YES;
				INFOPLIST_KEY_UISupportedInterfaceOrientations_iPad = "UIInterfaceOrientationPortrait UIInterfaceOrientationPortraitUpsideDown UIInterfaceOrientationLandscapeLeft UIInterfaceOrientationLandscapeRight";
				INFOPLIST_KEY_UISupportedInterfaceOrientations_iPhone = "UIInterfaceOrientationPortrait UIInterfaceOrientationLandscapeLeft UIInterfaceOrientationLandscapeRight";
				IPHONEOS_DEPLOYMENT_TARGET = 15.5;
				LD_RUNPATH_SEARCH_PATHS = (
					"$(inherited)",
					"@executable_path/Frameworks",
				);
				MARKETING_VERSION = 1.0;
				PRODUCT_BUNDLE_IDENTIFIER = julius.ios.ArunaList;
				PRODUCT_NAME = ArunaList;
				SDKROOT = iphoneos;
				SWIFT_EMIT_LOC_STRINGS = YES;
				SWIFT_VERSION = 5.0;
				TARGETED_DEVICE_FAMILY = "1,2";
			};
			name = Debug;
		};
		9B3A9CBD28D097E300FE8286 /* Release */ = {
			isa = XCBuildConfiguration;
			buildSettings = {
				ASSETCATALOG_COMPILER_APPICON_NAME = AppIcon;
				ASSETCATALOG_COMPILER_GLOBAL_ACCENT_COLOR_NAME = AccentColor;
				CODE_SIGN_STYLE = Automatic;
				CURRENT_PROJECT_VERSION = 1;
				ENABLE_PREVIEWS = YES;
				GENERATE_INFOPLIST_FILE = YES;
				INFOPLIST_KEY_UIApplicationSceneManifest_Generation = YES;
				INFOPLIST_KEY_UIApplicationSupportsIndirectInputEvents = YES;
				INFOPLIST_KEY_UILaunchScreen_Generation = YES;
				INFOPLIST_KEY_UISupportedInterfaceOrientations_iPad = "UIInterfaceOrientationPortrait UIInterfaceOrientationPortraitUpsideDown UIInterfaceOrientationLandscapeLeft UIInterfaceOrientationLandscapeRight";
				INFOPLIST_KEY_UISupportedInterfaceOrientations_iPhone = "UIInterfaceOrientationPortrait UIInterfaceOrientationLandscapeLeft UIInterfaceOrientationLandscapeRight";
				IPHONEOS_DEPLOYMENT_TARGET = 15.5;
				LD_RUNPATH_SEARCH_PATHS = (
					"$(inherited)",
					"@executable_path/Frameworks",
				);
				MARKETING_VERSION = 1.0;
				PRODUCT_BUNDLE_IDENTIFIER = julius.ios.ArunaList;
				PRODUCT_NAME = ArunaList;
				SDKROOT = iphoneos;
				SWIFT_EMIT_LOC_STRINGS = YES;
				SWIFT_VERSION = 5.0;
				TARGETED_DEVICE_FAMILY = "1,2";
				VALIDATE_PRODUCT = YES;
			};
			name = Release;
		};
		9B3A9CBF28D097E300FE8286 /* Debug */ = {
			isa = XCBuildConfiguration;
			buildSettings = {
				ASSETCATALOG_COMPILER_APPICON_NAME = AppIcon;
				ASSETCATALOG_COMPILER_GLOBAL_ACCENT_COLOR_NAME = AccentColor;
				CODE_SIGN_ENTITLEMENTS = macOS/macOS.entitlements;
				CODE_SIGN_STYLE = Automatic;
				COMBINE_HIDPI_IMAGES = YES;
				CURRENT_PROJECT_VERSION = 1;
				ENABLE_PREVIEWS = YES;
				GENERATE_INFOPLIST_FILE = YES;
				INFOPLIST_KEY_NSHumanReadableCopyright = "";
				LD_RUNPATH_SEARCH_PATHS = (
					"$(inherited)",
					"@executable_path/../Frameworks",
				);
				MACOSX_DEPLOYMENT_TARGET = 12.2;
				MARKETING_VERSION = 1.0;
				PRODUCT_BUNDLE_IDENTIFIER = julius.ios.ArunaList;
				PRODUCT_NAME = ArunaList;
				SDKROOT = macosx;
				SWIFT_EMIT_LOC_STRINGS = YES;
				SWIFT_VERSION = 5.0;
			};
			name = Debug;
		};
		9B3A9CC028D097E300FE8286 /* Release */ = {
			isa = XCBuildConfiguration;
			buildSettings = {
				ASSETCATALOG_COMPILER_APPICON_NAME = AppIcon;
				ASSETCATALOG_COMPILER_GLOBAL_ACCENT_COLOR_NAME = AccentColor;
				CODE_SIGN_ENTITLEMENTS = macOS/macOS.entitlements;
				CODE_SIGN_STYLE = Automatic;
				COMBINE_HIDPI_IMAGES = YES;
				CURRENT_PROJECT_VERSION = 1;
				ENABLE_PREVIEWS = YES;
				GENERATE_INFOPLIST_FILE = YES;
				INFOPLIST_KEY_NSHumanReadableCopyright = "";
				LD_RUNPATH_SEARCH_PATHS = (
					"$(inherited)",
					"@executable_path/../Frameworks",
				);
				MACOSX_DEPLOYMENT_TARGET = 12.2;
				MARKETING_VERSION = 1.0;
				PRODUCT_BUNDLE_IDENTIFIER = julius.ios.ArunaList;
				PRODUCT_NAME = ArunaList;
				SDKROOT = macosx;
				SWIFT_EMIT_LOC_STRINGS = YES;
				SWIFT_VERSION = 5.0;
			};
			name = Release;
		};
		9B3A9CC228D097E300FE8286 /* Debug */ = {
			isa = XCBuildConfiguration;
			buildSettings = {
				ALWAYS_EMBED_SWIFT_STANDARD_LIBRARIES = YES;
				CODE_SIGN_STYLE = Automatic;
				CURRENT_PROJECT_VERSION = 1;
				GENERATE_INFOPLIST_FILE = YES;
				IPHONEOS_DEPLOYMENT_TARGET = 15.5;
				MARKETING_VERSION = 1.0;
				PRODUCT_BUNDLE_IDENTIFIER = "julius.ios.Tests-iOS";
				PRODUCT_NAME = "$(TARGET_NAME)";
				SDKROOT = iphoneos;
				SWIFT_EMIT_LOC_STRINGS = NO;
				SWIFT_VERSION = 5.0;
				TARGETED_DEVICE_FAMILY = "1,2";
				TEST_TARGET_NAME = "ArunaList (iOS)";
			};
			name = Debug;
		};
		9B3A9CC328D097E300FE8286 /* Release */ = {
			isa = XCBuildConfiguration;
			buildSettings = {
				ALWAYS_EMBED_SWIFT_STANDARD_LIBRARIES = YES;
				CODE_SIGN_STYLE = Automatic;
				CURRENT_PROJECT_VERSION = 1;
				GENERATE_INFOPLIST_FILE = YES;
				IPHONEOS_DEPLOYMENT_TARGET = 15.5;
				MARKETING_VERSION = 1.0;
				PRODUCT_BUNDLE_IDENTIFIER = "julius.ios.Tests-iOS";
				PRODUCT_NAME = "$(TARGET_NAME)";
				SDKROOT = iphoneos;
				SWIFT_EMIT_LOC_STRINGS = NO;
				SWIFT_VERSION = 5.0;
				TARGETED_DEVICE_FAMILY = "1,2";
				TEST_TARGET_NAME = "ArunaList (iOS)";
				VALIDATE_PRODUCT = YES;
			};
			name = Release;
		};
		9B3A9CC528D097E300FE8286 /* Debug */ = {
			isa = XCBuildConfiguration;
			buildSettings = {
				ALWAYS_EMBED_SWIFT_STANDARD_LIBRARIES = YES;
				CODE_SIGN_STYLE = Automatic;
				CURRENT_PROJECT_VERSION = 1;
				GENERATE_INFOPLIST_FILE = YES;
				MACOSX_DEPLOYMENT_TARGET = 12.2;
				MARKETING_VERSION = 1.0;
				PRODUCT_BUNDLE_IDENTIFIER = "julius.ios.Tests-macOS";
				PRODUCT_NAME = "$(TARGET_NAME)";
				SDKROOT = macosx;
				SWIFT_EMIT_LOC_STRINGS = NO;
				SWIFT_VERSION = 5.0;
				TEST_TARGET_NAME = "ArunaList (macOS)";
			};
			name = Debug;
		};
		9B3A9CC628D097E300FE8286 /* Release */ = {
			isa = XCBuildConfiguration;
			buildSettings = {
				ALWAYS_EMBED_SWIFT_STANDARD_LIBRARIES = YES;
				CODE_SIGN_STYLE = Automatic;
				CURRENT_PROJECT_VERSION = 1;
				GENERATE_INFOPLIST_FILE = YES;
				MACOSX_DEPLOYMENT_TARGET = 12.2;
				MARKETING_VERSION = 1.0;
				PRODUCT_BUNDLE_IDENTIFIER = "julius.ios.Tests-macOS";
				PRODUCT_NAME = "$(TARGET_NAME)";
				SDKROOT = macosx;
				SWIFT_EMIT_LOC_STRINGS = NO;
				SWIFT_VERSION = 5.0;
				TEST_TARGET_NAME = "ArunaList (macOS)";
			};
			name = Release;
		};
/* End XCBuildConfiguration section */

/* Begin XCConfigurationList section */
		9B3A9C8928D097DF00FE8286 /* Build configuration list for PBXProject "ArunaList" */ = {
			isa = XCConfigurationList;
			buildConfigurations = (
				9B3A9CB928D097E300FE8286 /* Debug */,
				9B3A9CBA28D097E300FE8286 /* Release */,
			);
			defaultConfigurationIsVisible = 0;
			defaultConfigurationName = Release;
		};
		9B3A9CBB28D097E300FE8286 /* Build configuration list for PBXNativeTarget "ArunaList (iOS)" */ = {
			isa = XCConfigurationList;
			buildConfigurations = (
				9B3A9CBC28D097E300FE8286 /* Debug */,
				9B3A9CBD28D097E300FE8286 /* Release */,
			);
			defaultConfigurationIsVisible = 0;
			defaultConfigurationName = Release;
		};
		9B3A9CBE28D097E300FE8286 /* Build configuration list for PBXNativeTarget "ArunaList (macOS)" */ = {
			isa = XCConfigurationList;
			buildConfigurations = (
				9B3A9CBF28D097E300FE8286 /* Debug */,
				9B3A9CC028D097E300FE8286 /* Release */,
			);
			defaultConfigurationIsVisible = 0;
			defaultConfigurationName = Release;
		};
		9B3A9CC128D097E300FE8286 /* Build configuration list for PBXNativeTarget "Tests iOS" */ = {
			isa = XCConfigurationList;
			buildConfigurations = (
				9B3A9CC228D097E300FE8286 /* Debug */,
				9B3A9CC328D097E300FE8286 /* Release */,
			);
			defaultConfigurationIsVisible = 0;
			defaultConfigurationName = Release;
		};
		9B3A9CC428D097E300FE8286 /* Build configuration list for PBXNativeTarget "Tests macOS" */ = {
			isa = XCConfigurationList;
			buildConfigurations = (
				9B3A9CC528D097E300FE8286 /* Debug */,
				9B3A9CC628D097E300FE8286 /* Release */,
			);
			defaultConfigurationIsVisible = 0;
			defaultConfigurationName = Release;
		};
/* End XCConfigurationList section */
	};
	rootObject = 9B3A9C8628D097DF00FE8286 /* Project object */;
}
